// !$*UTF8*$!
{
	archiveVersion = 1;
	classes = {
	};
	objectVersion = 55;
	objects = {

/* Begin PBXBuildFile section */
		2226F9022823C590007EC267 /* AfricaApp.swift in Sources */ = {isa = PBXBuildFile; fileRef = 2226F9012823C590007EC267 /* AfricaApp.swift */; };
		2226F9042823C590007EC267 /* ContentView.swift in Sources */ = {isa = PBXBuildFile; fileRef = 2226F9032823C590007EC267 /* ContentView.swift */; };
		2226F9062823C592007EC267 /* Assets.xcassets in Resources */ = {isa = PBXBuildFile; fileRef = 2226F9052823C592007EC267 /* Assets.xcassets */; };
		2226F9092823C592007EC267 /* Preview Assets.xcassets in Resources */ = {isa = PBXBuildFile; fileRef = 2226F9082823C592007EC267 /* Preview Assets.xcassets */; };
		2226F91D2823C742007EC267 /* gorilla.mp4 in Resources */ = {isa = PBXBuildFile; fileRef = 2226F9132823C73F007EC267 /* gorilla.mp4 */; };
		2226F91E2823C742007EC267 /* elephant.mp4 in Resources */ = {isa = PBXBuildFile; fileRef = 2226F9142823C73F007EC267 /* elephant.mp4 */; };
		2226F91F2823C742007EC267 /* hippo.mp4 in Resources */ = {isa = PBXBuildFile; fileRef = 2226F9152823C73F007EC267 /* hippo.mp4 */; };
		2226F9202823C742007EC267 /* lioness.mp4 in Resources */ = {isa = PBXBuildFile; fileRef = 2226F9162823C740007EC267 /* lioness.mp4 */; };
		2226F9212823C742007EC267 /* rhino.mp4 in Resources */ = {isa = PBXBuildFile; fileRef = 2226F9172823C740007EC267 /* rhino.mp4 */; };
		2226F9222823C742007EC267 /* zebra.mp4 in Resources */ = {isa = PBXBuildFile; fileRef = 2226F9182823C741007EC267 /* zebra.mp4 */; };
		2226F9232823C742007EC267 /* giraffe.mp4 in Resources */ = {isa = PBXBuildFile; fileRef = 2226F9192823C741007EC267 /* giraffe.mp4 */; };
		2226F9242823C742007EC267 /* lion.mp4 in Resources */ = {isa = PBXBuildFile; fileRef = 2226F91A2823C742007EC267 /* lion.mp4 */; };
		2226F9252823C742007EC267 /* cheetah.mp4 in Resources */ = {isa = PBXBuildFile; fileRef = 2226F91B2823C742007EC267 /* cheetah.mp4 */; };
		2226F9272823C758007EC267 /* ostrich.mp4 in Resources */ = {isa = PBXBuildFile; fileRef = 2226F9262823C758007EC267 /* ostrich.mp4 */; };
		2226F92D2823C78F007EC267 /* covers.json in Resources */ = {isa = PBXBuildFile; fileRef = 2226F9292823C78E007EC267 /* covers.json */; };
		2226F92E2823C78F007EC267 /* videos.json in Resources */ = {isa = PBXBuildFile; fileRef = 2226F92A2823C78E007EC267 /* videos.json */; };
		2226F92F2823C78F007EC267 /* locations.json in Resources */ = {isa = PBXBuildFile; fileRef = 2226F92B2823C78E007EC267 /* locations.json */; };
		2226F9302823C78F007EC267 /* animals.json in Resources */ = {isa = PBXBuildFile; fileRef = 2226F92C2823C78F007EC267 /* animals.json */; };
		2226F9342823CD92007EC267 /* VideoListView.swift in Sources */ = {isa = PBXBuildFile; fileRef = 2226F9332823CD92007EC267 /* VideoListView.swift */; };
		2226F9362823CD9A007EC267 /* MapView.swift in Sources */ = {isa = PBXBuildFile; fileRef = 2226F9352823CD9A007EC267 /* MapView.swift */; };
		2226F9382823CDB8007EC267 /* GalleryView.swift in Sources */ = {isa = PBXBuildFile; fileRef = 2226F9372823CDB8007EC267 /* GalleryView.swift */; };
		2226F93A2823CDCB007EC267 /* MainView.swift in Sources */ = {isa = PBXBuildFile; fileRef = 2226F9392823CDCB007EC267 /* MainView.swift */; };
		2226F93D2823CFA3007EC267 /* CoverImageView.swift in Sources */ = {isa = PBXBuildFile; fileRef = 2226F93C2823CFA3007EC267 /* CoverImageView.swift */; };
		2226F9402823D14A007EC267 /* CoverImageModel.swift in Sources */ = {isa = PBXBuildFile; fileRef = 2226F93F2823D14A007EC267 /* CoverImageModel.swift */; };
		2226F9432823D269007EC267 /* CodableBundleExtension.swift in Sources */ = {isa = PBXBuildFile; fileRef = 2226F9422823D269007EC267 /* CodableBundleExtension.swift */; };
		2226F9452823D733007EC267 /* AnimalListItemView.swift in Sources */ = {isa = PBXBuildFile; fileRef = 2226F9442823D733007EC267 /* AnimalListItemView.swift */; };
		2226F9472823D872007EC267 /* AnimalModel.swift in Sources */ = {isa = PBXBuildFile; fileRef = 2226F9462823D872007EC267 /* AnimalModel.swift */; };
		2226F9492823DB1A007EC267 /* AnimalDetailView.swift in Sources */ = {isa = PBXBuildFile; fileRef = 2226F9482823DB1A007EC267 /* AnimalDetailView.swift */; };
		2226F94B2823DCF9007EC267 /* HeadingView.swift in Sources */ = {isa = PBXBuildFile; fileRef = 2226F94A2823DCF9007EC267 /* HeadingView.swift */; };
		2226F94D2823DDEB007EC267 /* InsetGalleryView.swift in Sources */ = {isa = PBXBuildFile; fileRef = 2226F94C2823DDEB007EC267 /* InsetGalleryView.swift */; };
		2226F94F2823F854007EC267 /* InsetFactView.swift in Sources */ = {isa = PBXBuildFile; fileRef = 2226F94E2823F854007EC267 /* InsetFactView.swift */; };
		2226F9512823FA37007EC267 /* InsetMapView.swift in Sources */ = {isa = PBXBuildFile; fileRef = 2226F9502823FA37007EC267 /* InsetMapView.swift */; };
		2226F9532823FC90007EC267 /* ExternalWeblinkView.swift in Sources */ = {isa = PBXBuildFile; fileRef = 2226F9522823FC90007EC267 /* ExternalWeblinkView.swift */; };
		2226F9552823FED8007EC267 /* VideoModel.swift in Sources */ = {isa = PBXBuildFile; fileRef = 2226F9542823FED8007EC267 /* VideoModel.swift */; };
		2226F9572823FF3E007EC267 /* VideoListItemView.swift in Sources */ = {isa = PBXBuildFile; fileRef = 2226F9562823FF3E007EC267 /* VideoListItemView.swift */; };
		2226F959282411CB007EC267 /* VideoPlayerView.swift in Sources */ = {isa = PBXBuildFile; fileRef = 2226F958282411CB007EC267 /* VideoPlayerView.swift */; };
		2226F95C282412B8007EC267 /* VideoPlayerHelper.swift in Sources */ = {isa = PBXBuildFile; fileRef = 2226F95B282412B8007EC267 /* VideoPlayerHelper.swift */; };
/* End PBXBuildFile section */

/* Begin PBXFileReference section */
		2226F8FE2823C590007EC267 /* Africa.app */ = {isa = PBXFileReference; explicitFileType = wrapper.application; includeInIndex = 0; path = Africa.app; sourceTree = BUILT_PRODUCTS_DIR; };
		2226F9012823C590007EC267 /* AfricaApp.swift */ = {isa = PBXFileReference; lastKnownFileType = sourcecode.swift; path = AfricaApp.swift; sourceTree = "<group>"; };
		2226F9032823C590007EC267 /* ContentView.swift */ = {isa = PBXFileReference; lastKnownFileType = sourcecode.swift; path = ContentView.swift; sourceTree = "<group>"; };
		2226F9052823C592007EC267 /* Assets.xcassets */ = {isa = PBXFileReference; lastKnownFileType = folder.assetcatalog; path = Assets.xcassets; sourceTree = "<group>"; };
		2226F9082823C592007EC267 /* Preview Assets.xcassets */ = {isa = PBXFileReference; lastKnownFileType = folder.assetcatalog; path = "Preview Assets.xcassets"; sourceTree = "<group>"; };
		2226F9132823C73F007EC267 /* gorilla.mp4 */ = {isa = PBXFileReference; lastKnownFileType = file; path = gorilla.mp4; sourceTree = "<group>"; };
		2226F9142823C73F007EC267 /* elephant.mp4 */ = {isa = PBXFileReference; lastKnownFileType = file; path = elephant.mp4; sourceTree = "<group>"; };
		2226F9152823C73F007EC267 /* hippo.mp4 */ = {isa = PBXFileReference; lastKnownFileType = file; path = hippo.mp4; sourceTree = "<group>"; };
		2226F9162823C740007EC267 /* lioness.mp4 */ = {isa = PBXFileReference; lastKnownFileType = file; path = lioness.mp4; sourceTree = "<group>"; };
		2226F9172823C740007EC267 /* rhino.mp4 */ = {isa = PBXFileReference; lastKnownFileType = file; path = rhino.mp4; sourceTree = "<group>"; };
		2226F9182823C741007EC267 /* zebra.mp4 */ = {isa = PBXFileReference; lastKnownFileType = file; path = zebra.mp4; sourceTree = "<group>"; };
		2226F9192823C741007EC267 /* giraffe.mp4 */ = {isa = PBXFileReference; lastKnownFileType = file; path = giraffe.mp4; sourceTree = "<group>"; };
		2226F91A2823C742007EC267 /* lion.mp4 */ = {isa = PBXFileReference; lastKnownFileType = file; path = lion.mp4; sourceTree = "<group>"; };
		2226F91B2823C742007EC267 /* cheetah.mp4 */ = {isa = PBXFileReference; lastKnownFileType = file; path = cheetah.mp4; sourceTree = "<group>"; };
		2226F9262823C758007EC267 /* ostrich.mp4 */ = {isa = PBXFileReference; lastKnownFileType = file; name = ostrich.mp4; path = ../../../../Resources/video/ostrich.mp4; sourceTree = "<group>"; };
		2226F9292823C78E007EC267 /* covers.json */ = {isa = PBXFileReference; fileEncoding = 4; lastKnownFileType = text.json; path = covers.json; sourceTree = "<group>"; };
		2226F92A2823C78E007EC267 /* videos.json */ = {isa = PBXFileReference; fileEncoding = 4; lastKnownFileType = text.json; path = videos.json; sourceTree = "<group>"; };
		2226F92B2823C78E007EC267 /* locations.json */ = {isa = PBXFileReference; fileEncoding = 4; lastKnownFileType = text.json; path = locations.json; sourceTree = "<group>"; };
		2226F92C2823C78F007EC267 /* animals.json */ = {isa = PBXFileReference; fileEncoding = 4; lastKnownFileType = text.json; path = animals.json; sourceTree = "<group>"; };
		2226F9312823CC02007EC267 /* Info.plist */ = {isa = PBXFileReference; lastKnownFileType = text.plist; path = Info.plist; sourceTree = "<group>"; };
		2226F9332823CD92007EC267 /* VideoListView.swift */ = {isa = PBXFileReference; lastKnownFileType = sourcecode.swift; path = VideoListView.swift; sourceTree = "<group>"; };
		2226F9352823CD9A007EC267 /* MapView.swift */ = {isa = PBXFileReference; lastKnownFileType = sourcecode.swift; path = MapView.swift; sourceTree = "<group>"; };
		2226F9372823CDB8007EC267 /* GalleryView.swift */ = {isa = PBXFileReference; lastKnownFileType = sourcecode.swift; path = GalleryView.swift; sourceTree = "<group>"; };
		2226F9392823CDCB007EC267 /* MainView.swift */ = {isa = PBXFileReference; lastKnownFileType = sourcecode.swift; path = MainView.swift; sourceTree = "<group>"; };
		2226F93C2823CFA3007EC267 /* CoverImageView.swift */ = {isa = PBXFileReference; lastKnownFileType = sourcecode.swift; path = CoverImageView.swift; sourceTree = "<group>"; };
		2226F93F2823D14A007EC267 /* CoverImageModel.swift */ = {isa = PBXFileReference; lastKnownFileType = sourcecode.swift; path = CoverImageModel.swift; sourceTree = "<group>"; };
		2226F9422823D269007EC267 /* CodableBundleExtension.swift */ = {isa = PBXFileReference; lastKnownFileType = sourcecode.swift; path = CodableBundleExtension.swift; sourceTree = "<group>"; };
		2226F9442823D733007EC267 /* AnimalListItemView.swift */ = {isa = PBXFileReference; lastKnownFileType = sourcecode.swift; path = AnimalListItemView.swift; sourceTree = "<group>"; };
		2226F9462823D872007EC267 /* AnimalModel.swift */ = {isa = PBXFileReference; lastKnownFileType = sourcecode.swift; path = AnimalModel.swift; sourceTree = "<group>"; };
		2226F9482823DB1A007EC267 /* AnimalDetailView.swift */ = {isa = PBXFileReference; lastKnownFileType = sourcecode.swift; path = AnimalDetailView.swift; sourceTree = "<group>"; };
		2226F94A2823DCF9007EC267 /* HeadingView.swift */ = {isa = PBXFileReference; lastKnownFileType = sourcecode.swift; path = HeadingView.swift; sourceTree = "<group>"; };
		2226F94C2823DDEB007EC267 /* InsetGalleryView.swift */ = {isa = PBXFileReference; lastKnownFileType = sourcecode.swift; path = InsetGalleryView.swift; sourceTree = "<group>"; };
		2226F94E2823F854007EC267 /* InsetFactView.swift */ = {isa = PBXFileReference; lastKnownFileType = sourcecode.swift; path = InsetFactView.swift; sourceTree = "<group>"; };
		2226F9502823FA37007EC267 /* InsetMapView.swift */ = {isa = PBXFileReference; lastKnownFileType = sourcecode.swift; path = InsetMapView.swift; sourceTree = "<group>"; };
		2226F9522823FC90007EC267 /* ExternalWeblinkView.swift */ = {isa = PBXFileReference; lastKnownFileType = sourcecode.swift; path = ExternalWeblinkView.swift; sourceTree = "<group>"; };
		2226F9542823FED8007EC267 /* VideoModel.swift */ = {isa = PBXFileReference; lastKnownFileType = sourcecode.swift; path = VideoModel.swift; sourceTree = "<group>"; };
		2226F9562823FF3E007EC267 /* VideoListItemView.swift */ = {isa = PBXFileReference; lastKnownFileType = sourcecode.swift; path = VideoListItemView.swift; sourceTree = "<group>"; };
		2226F958282411CB007EC267 /* VideoPlayerView.swift */ = {isa = PBXFileReference; lastKnownFileType = sourcecode.swift; path = VideoPlayerView.swift; sourceTree = "<group>"; };
		2226F95B282412B8007EC267 /* VideoPlayerHelper.swift */ = {isa = PBXFileReference; lastKnownFileType = sourcecode.swift; path = VideoPlayerHelper.swift; sourceTree = "<group>"; };
/* End PBXFileReference section */

/* Begin PBXFrameworksBuildPhase section */
		2226F8FB2823C590007EC267 /* Frameworks */ = {
			isa = PBXFrameworksBuildPhase;
			buildActionMask = 2147483647;
			files = (
			);
			runOnlyForDeploymentPostprocessing = 0;
		};
/* End PBXFrameworksBuildPhase section */

/* Begin PBXGroup section */
		2226F8F52823C590007EC267 = {
			isa = PBXGroup;
			children = (
				2226F9002823C590007EC267 /* Africa */,
				2226F8FF2823C590007EC267 /* Products */,
			);
			sourceTree = "<group>";
		};
		2226F8FF2823C590007EC267 /* Products */ = {
			isa = PBXGroup;
			children = (
				2226F8FE2823C590007EC267 /* Africa.app */,
			);
			name = Products;
			sourceTree = "<group>";
		};
		2226F9002823C590007EC267 /* Africa */ = {
			isa = PBXGroup;
			children = (
				2226F9312823CC02007EC267 /* Info.plist */,
				2226F95A282412A2007EC267 /* Helper */,
				2226F93E2823D137007EC267 /* Model */,
				2226F9412823D251007EC267 /* Extension */,
				2226F93B2823CF84007EC267 /* View */,
				2226F9282823C770007EC267 /* Data */,
				2226F90F2823C6F9007EC267 /* Video */,
				2226F9322823CD4F007EC267 /* App */,
				2226F9052823C592007EC267 /* Assets.xcassets */,
				2226F9072823C592007EC267 /* Preview Content */,
			);
			path = Africa;
			sourceTree = "<group>";
		};
		2226F9072823C592007EC267 /* Preview Content */ = {
			isa = PBXGroup;
			children = (
				2226F9082823C592007EC267 /* Preview Assets.xcassets */,
			);
			path = "Preview Content";
			sourceTree = "<group>";
		};
		2226F90F2823C6F9007EC267 /* Video */ = {
			isa = PBXGroup;
			children = (
				2226F91B2823C742007EC267 /* cheetah.mp4 */,
				2226F9142823C73F007EC267 /* elephant.mp4 */,
				2226F9192823C741007EC267 /* giraffe.mp4 */,
				2226F9132823C73F007EC267 /* gorilla.mp4 */,
				2226F9152823C73F007EC267 /* hippo.mp4 */,
				2226F91A2823C742007EC267 /* lion.mp4 */,
				2226F9162823C740007EC267 /* lioness.mp4 */,
				2226F9262823C758007EC267 /* ostrich.mp4 */,
				2226F9172823C740007EC267 /* rhino.mp4 */,
				2226F9182823C741007EC267 /* zebra.mp4 */,
			);
			path = Video;
			sourceTree = "<group>";
		};
		2226F9282823C770007EC267 /* Data */ = {
			isa = PBXGroup;
			children = (
				2226F92C2823C78F007EC267 /* animals.json */,
				2226F9292823C78E007EC267 /* covers.json */,
				2226F92B2823C78E007EC267 /* locations.json */,
				2226F92A2823C78E007EC267 /* videos.json */,
			);
			path = Data;
			sourceTree = "<group>";
		};
		2226F9322823CD4F007EC267 /* App */ = {
			isa = PBXGroup;
			children = (
				2226F9012823C590007EC267 /* AfricaApp.swift */,
				2226F9032823C590007EC267 /* ContentView.swift */,
				2226F9332823CD92007EC267 /* VideoListView.swift */,
				2226F9352823CD9A007EC267 /* MapView.swift */,
				2226F9372823CDB8007EC267 /* GalleryView.swift */,
				2226F9392823CDCB007EC267 /* MainView.swift */,
			);
			path = App;
			sourceTree = "<group>";
		};
		2226F93B2823CF84007EC267 /* View */ = {
			isa = PBXGroup;
			children = (
				2226F93C2823CFA3007EC267 /* CoverImageView.swift */,
				2226F9442823D733007EC267 /* AnimalListItemView.swift */,
				2226F9482823DB1A007EC267 /* AnimalDetailView.swift */,
				2226F94A2823DCF9007EC267 /* HeadingView.swift */,
				2226F94C2823DDEB007EC267 /* InsetGalleryView.swift */,
				2226F94E2823F854007EC267 /* InsetFactView.swift */,
				2226F9502823FA37007EC267 /* InsetMapView.swift */,
				2226F9522823FC90007EC267 /* ExternalWeblinkView.swift */,
				2226F9562823FF3E007EC267 /* VideoListItemView.swift */,
				2226F958282411CB007EC267 /* VideoPlayerView.swift */,
			);
			path = View;
			sourceTree = "<group>";
		};
		2226F93E2823D137007EC267 /* Model */ = {
			isa = PBXGroup;
			children = (
				2226F93F2823D14A007EC267 /* CoverImageModel.swift */,
				2226F9462823D872007EC267 /* AnimalModel.swift */,
				2226F9542823FED8007EC267 /* VideoModel.swift */,
			);
			path = Model;
			sourceTree = "<group>";
		};
		2226F9412823D251007EC267 /* Extension */ = {
			isa = PBXGroup;
			children = (
				2226F9422823D269007EC267 /* CodableBundleExtension.swift */,
			);
			path = Extension;
			sourceTree = "<group>";
		};
		2226F95A282412A2007EC267 /* Helper */ = {
			isa = PBXGroup;
			children = (
				2226F95B282412B8007EC267 /* VideoPlayerHelper.swift */,
			);
			path = Helper;
			sourceTree = "<group>";
		};
/* End PBXGroup section */

/* Begin PBXNativeTarget section */
		2226F8FD2823C590007EC267 /* Africa */ = {
			isa = PBXNativeTarget;
			buildConfigurationList = 2226F90C2823C592007EC267 /* Build configuration list for PBXNativeTarget "Africa" */;
			buildPhases = (
				2226F8FA2823C590007EC267 /* Sources */,
				2226F8FB2823C590007EC267 /* Frameworks */,
				2226F8FC2823C590007EC267 /* Resources */,
			);
			buildRules = (
			);
			dependencies = (
			);
			name = Africa;
			productName = Africa;
			productReference = 2226F8FE2823C590007EC267 /* Africa.app */;
			productType = "com.apple.product-type.application";
		};
/* End PBXNativeTarget section */

/* Begin PBXProject section */
		2226F8F62823C590007EC267 /* Project object */ = {
			isa = PBXProject;
			attributes = {
				BuildIndependentTargetsInParallel = 1;
				LastSwiftUpdateCheck = 1330;
				LastUpgradeCheck = 1330;
				TargetAttributes = {
					2226F8FD2823C590007EC267 = {
						CreatedOnToolsVersion = 13.3.1;
					};
				};
			};
			buildConfigurationList = 2226F8F92823C590007EC267 /* Build configuration list for PBXProject "Africa" */;
			compatibilityVersion = "Xcode 13.0";
			developmentRegion = en;
			hasScannedForEncodings = 0;
			knownRegions = (
				en,
				Base,
			);
			mainGroup = 2226F8F52823C590007EC267;
			productRefGroup = 2226F8FF2823C590007EC267 /* Products */;
			projectDirPath = "";
			projectRoot = "";
			targets = (
				2226F8FD2823C590007EC267 /* Africa */,
			);
		};
/* End PBXProject section */

/* Begin PBXResourcesBuildPhase section */
		2226F8FC2823C590007EC267 /* Resources */ = {
			isa = PBXResourcesBuildPhase;
			buildActionMask = 2147483647;
			files = (
				2226F92D2823C78F007EC267 /* covers.json in Resources */,
				2226F9242823C742007EC267 /* lion.mp4 in Resources */,
				2226F9092823C592007EC267 /* Preview Assets.xcassets in Resources */,
				2226F92E2823C78F007EC267 /* videos.json in Resources */,
				2226F91F2823C742007EC267 /* hippo.mp4 in Resources */,
				2226F9212823C742007EC267 /* rhino.mp4 in Resources */,
				2226F91E2823C742007EC267 /* elephant.mp4 in Resources */,
				2226F92F2823C78F007EC267 /* locations.json in Resources */,
				2226F91D2823C742007EC267 /* gorilla.mp4 in Resources */,
				2226F9302823C78F007EC267 /* animals.json in Resources */,
				2226F9272823C758007EC267 /* ostrich.mp4 in Resources */,
				2226F9232823C742007EC267 /* giraffe.mp4 in Resources */,
				2226F9222823C742007EC267 /* zebra.mp4 in Resources */,
				2226F9252823C742007EC267 /* cheetah.mp4 in Resources */,
				2226F9062823C592007EC267 /* Assets.xcassets in Resources */,
				2226F9202823C742007EC267 /* lioness.mp4 in Resources */,
			);
			runOnlyForDeploymentPostprocessing = 0;
		};
/* End PBXResourcesBuildPhase section */

/* Begin PBXSourcesBuildPhase section */
		2226F8FA2823C590007EC267 /* Sources */ = {
			isa = PBXSourcesBuildPhase;
			buildActionMask = 2147483647;
			files = (
				2226F9532823FC90007EC267 /* ExternalWeblinkView.swift in Sources */,
				2226F9042823C590007EC267 /* ContentView.swift in Sources */,
				2226F9452823D733007EC267 /* AnimalListItemView.swift in Sources */,
				2226F93A2823CDCB007EC267 /* MainView.swift in Sources */,
				2226F94F2823F854007EC267 /* InsetFactView.swift in Sources */,
				2226F93D2823CFA3007EC267 /* CoverImageView.swift in Sources */,
				2226F9402823D14A007EC267 /* CoverImageModel.swift in Sources */,
				2226F9492823DB1A007EC267 /* AnimalDetailView.swift in Sources */,
				2226F9472823D872007EC267 /* AnimalModel.swift in Sources */,
				2226F9362823CD9A007EC267 /* MapView.swift in Sources */,
				2226F95C282412B8007EC267 /* VideoPlayerHelper.swift in Sources */,
				2226F9512823FA37007EC267 /* InsetMapView.swift in Sources */,
				2226F9022823C590007EC267 /* AfricaApp.swift in Sources */,
				2226F9342823CD92007EC267 /* VideoListView.swift in Sources */,
				2226F9552823FED8007EC267 /* VideoModel.swift in Sources */,
				2226F9382823CDB8007EC267 /* GalleryView.swift in Sources */,
				2226F94D2823DDEB007EC267 /* InsetGalleryView.swift in Sources */,
				2226F9572823FF3E007EC267 /* VideoListItemView.swift in Sources */,
				2226F9432823D269007EC267 /* CodableBundleExtension.swift in Sources */,
				2226F94B2823DCF9007EC267 /* HeadingView.swift in Sources */,
				2226F959282411CB007EC267 /* VideoPlayerView.swift in Sources */,
			);
			runOnlyForDeploymentPostprocessing = 0;
		};
/* End PBXSourcesBuildPhase section */

/* Begin XCBuildConfiguration section */
		2226F90A2823C592007EC267 /* Debug */ = {
			isa = XCBuildConfiguration;
			buildSettings = {
				ALWAYS_SEARCH_USER_PATHS = NO;
				CLANG_ANALYZER_NONNULL = YES;
				CLANG_ANALYZER_NUMBER_OBJECT_CONVERSION = YES_AGGRESSIVE;
				CLANG_CXX_LANGUAGE_STANDARD = "gnu++17";
				CLANG_ENABLE_MODULES = YES;
				CLANG_ENABLE_OBJC_ARC = YES;
				CLANG_ENABLE_OBJC_WEAK = YES;
				CLANG_WARN_BLOCK_CAPTURE_AUTORELEASING = YES;
				CLANG_WARN_BOOL_CONVERSION = YES;
				CLANG_WARN_COMMA = YES;
				CLANG_WARN_CONSTANT_CONVERSION = YES;
				CLANG_WARN_DEPRECATED_OBJC_IMPLEMENTATIONS = YES;
				CLANG_WARN_DIRECT_OBJC_ISA_USAGE = YES_ERROR;
				CLANG_WARN_DOCUMENTATION_COMMENTS = YES;
				CLANG_WARN_EMPTY_BODY = YES;
				CLANG_WARN_ENUM_CONVERSION = YES;
				CLANG_WARN_INFINITE_RECURSION = YES;
				CLANG_WARN_INT_CONVERSION = YES;
				CLANG_WARN_NON_LITERAL_NULL_CONVERSION = YES;
				CLANG_WARN_OBJC_IMPLICIT_RETAIN_SELF = YES;
				CLANG_WARN_OBJC_LITERAL_CONVERSION = YES;
				CLANG_WARN_OBJC_ROOT_CLASS = YES_ERROR;
				CLANG_WARN_QUOTED_INCLUDE_IN_FRAMEWORK_HEADER = YES;
				CLANG_WARN_RANGE_LOOP_ANALYSIS = YES;
				CLANG_WARN_STRICT_PROTOTYPES = YES;
				CLANG_WARN_SUSPICIOUS_MOVE = YES;
				CLANG_WARN_UNGUARDED_AVAILABILITY = YES_AGGRESSIVE;
				CLANG_WARN_UNREACHABLE_CODE = YES;
				CLANG_WARN__DUPLICATE_METHOD_MATCH = YES;
				COPY_PHASE_STRIP = NO;
				DEBUG_INFORMATION_FORMAT = dwarf;
				ENABLE_STRICT_OBJC_MSGSEND = YES;
				ENABLE_TESTABILITY = YES;
				GCC_C_LANGUAGE_STANDARD = gnu11;
				GCC_DYNAMIC_NO_PIC = NO;
				GCC_NO_COMMON_BLOCKS = YES;
				GCC_OPTIMIZATION_LEVEL = 0;
				GCC_PREPROCESSOR_DEFINITIONS = (
					"DEBUG=1",
					"$(inherited)",
				);
				GCC_WARN_64_TO_32_BIT_CONVERSION = YES;
				GCC_WARN_ABOUT_RETURN_TYPE = YES_ERROR;
				GCC_WARN_UNDECLARED_SELECTOR = YES;
				GCC_WARN_UNINITIALIZED_AUTOS = YES_AGGRESSIVE;
				GCC_WARN_UNUSED_FUNCTION = YES;
				GCC_WARN_UNUSED_VARIABLE = YES;
				IPHONEOS_DEPLOYMENT_TARGET = 15.4;
				MTL_ENABLE_DEBUG_INFO = INCLUDE_SOURCE;
				MTL_FAST_MATH = YES;
				ONLY_ACTIVE_ARCH = YES;
				SDKROOT = iphoneos;
				SWIFT_ACTIVE_COMPILATION_CONDITIONS = DEBUG;
				SWIFT_OPTIMIZATION_LEVEL = "-Onone";
			};
			name = Debug;
		};
		2226F90B2823C592007EC267 /* Release */ = {
			isa = XCBuildConfiguration;
			buildSettings = {
				ALWAYS_SEARCH_USER_PATHS = NO;
				CLANG_ANALYZER_NONNULL = YES;
				CLANG_ANALYZER_NUMBER_OBJECT_CONVERSION = YES_AGGRESSIVE;
				CLANG_CXX_LANGUAGE_STANDARD = "gnu++17";
				CLANG_ENABLE_MODULES = YES;
				CLANG_ENABLE_OBJC_ARC = YES;
				CLANG_ENABLE_OBJC_WEAK = YES;
				CLANG_WARN_BLOCK_CAPTURE_AUTORELEASING = YES;
				CLANG_WARN_BOOL_CONVERSION = YES;
				CLANG_WARN_COMMA = YES;
				CLANG_WARN_CONSTANT_CONVERSION = YES;
				CLANG_WARN_DEPRECATED_OBJC_IMPLEMENTATIONS = YES;
				CLANG_WARN_DIRECT_OBJC_ISA_USAGE = YES_ERROR;
				CLANG_WARN_DOCUMENTATION_COMMENTS = YES;
				CLANG_WARN_EMPTY_BODY = YES;
				CLANG_WARN_ENUM_CONVERSION = YES;
				CLANG_WARN_INFINITE_RECURSION = YES;
				CLANG_WARN_INT_CONVERSION = YES;
				CLANG_WARN_NON_LITERAL_NULL_CONVERSION = YES;
				CLANG_WARN_OBJC_IMPLICIT_RETAIN_SELF = YES;
				CLANG_WARN_OBJC_LITERAL_CONVERSION = YES;
				CLANG_WARN_OBJC_ROOT_CLASS = YES_ERROR;
				CLANG_WARN_QUOTED_INCLUDE_IN_FRAMEWORK_HEADER = YES;
				CLANG_WARN_RANGE_LOOP_ANALYSIS = YES;
				CLANG_WARN_STRICT_PROTOTYPES = YES;
				CLANG_WARN_SUSPICIOUS_MOVE = YES;
				CLANG_WARN_UNGUARDED_AVAILABILITY = YES_AGGRESSIVE;
				CLANG_WARN_UNREACHABLE_CODE = YES;
				CLANG_WARN__DUPLICATE_METHOD_MATCH = YES;
				COPY_PHASE_STRIP = NO;
				DEBUG_INFORMATION_FORMAT = "dwarf-with-dsym";
				ENABLE_NS_ASSERTIONS = NO;
				ENABLE_STRICT_OBJC_MSGSEND = YES;
				GCC_C_LANGUAGE_STANDARD = gnu11;
				GCC_NO_COMMON_BLOCKS = YES;
				GCC_WARN_64_TO_32_BIT_CONVERSION = YES;
				GCC_WARN_ABOUT_RETURN_TYPE = YES_ERROR;
				GCC_WARN_UNDECLARED_SELECTOR = YES;
				GCC_WARN_UNINITIALIZED_AUTOS = YES_AGGRESSIVE;
				GCC_WARN_UNUSED_FUNCTION = YES;
				GCC_WARN_UNUSED_VARIABLE = YES;
				IPHONEOS_DEPLOYMENT_TARGET = 15.4;
				MTL_ENABLE_DEBUG_INFO = NO;
				MTL_FAST_MATH = YES;
				SDKROOT = iphoneos;
				SWIFT_COMPILATION_MODE = wholemodule;
				SWIFT_OPTIMIZATION_LEVEL = "-O";
				VALIDATE_PRODUCT = YES;
			};
			name = Release;
		};
		2226F90D2823C592007EC267 /* Debug */ = {
			isa = XCBuildConfiguration;
			buildSettings = {
				ASSETCATALOG_COMPILER_APPICON_NAME = AppIcon;
				ASSETCATALOG_COMPILER_GLOBAL_ACCENT_COLOR_NAME = AccentColor;
				CODE_SIGN_STYLE = Automatic;
				CURRENT_PROJECT_VERSION = 1;
				DEVELOPMENT_ASSET_PATHS = "\"Africa/Preview Content\"";
				DEVELOPMENT_TEAM = H5SHG7TZZ7;
				ENABLE_PREVIEWS = YES;
				GENERATE_INFOPLIST_FILE = YES;
				INFOPLIST_FILE = Africa/Info.plist;
				INFOPLIST_KEY_UIApplicationSceneManifest_Generation = YES;
				INFOPLIST_KEY_UIApplicationSupportsIndirectInputEvents = YES;
				INFOPLIST_KEY_UISupportedInterfaceOrientations_iPad = "UIInterfaceOrientationPortrait UIInterfaceOrientationPortraitUpsideDown UIInterfaceOrientationLandscapeLeft UIInterfaceOrientationLandscapeRight";
				INFOPLIST_KEY_UISupportedInterfaceOrientations_iPhone = "UIInterfaceOrientationPortrait UIInterfaceOrientationLandscapeLeft UIInterfaceOrientationLandscapeRight";
				INFOPLIST_KEY_UIUserInterfaceStyle = Dark;
				LD_RUNPATH_SEARCH_PATHS = (
					"$(inherited)",
					"@executable_path/Frameworks",
				);
				MARKETING_VERSION = 1.0;
				PRODUCT_BUNDLE_IDENTIFIER = clementcauser.Africa;
				PRODUCT_NAME = "$(TARGET_NAME)";
				SWIFT_EMIT_LOC_STRINGS = YES;
				SWIFT_VERSION = 5.0;
				TARGETED_DEVICE_FAMILY = "1,2";
			};
			name = Debug;
		};
		2226F90E2823C592007EC267 /* Release */ = {
			isa = XCBuildConfiguration;
			buildSettings = {
				ASSETCATALOG_COMPILER_APPICON_NAME = AppIcon;
				ASSETCATALOG_COMPILER_GLOBAL_ACCENT_COLOR_NAME = AccentColor;
				CODE_SIGN_STYLE = Automatic;
				CURRENT_PROJECT_VERSION = 1;
				DEVELOPMENT_ASSET_PATHS = "\"Africa/Preview Content\"";
				DEVELOPMENT_TEAM = H5SHG7TZZ7;
				ENABLE_PREVIEWS = YES;
				GENERATE_INFOPLIST_FILE = YES;
				INFOPLIST_FILE = Africa/Info.plist;
				INFOPLIST_KEY_UIApplicationSceneManifest_Generation = YES;
				INFOPLIST_KEY_UIApplicationSupportsIndirectInputEvents = YES;
				INFOPLIST_KEY_UISupportedInterfaceOrientations_iPad = "UIInterfaceOrientationPortrait UIInterfaceOrientationPortraitUpsideDown UIInterfaceOrientationLandscapeLeft UIInterfaceOrientationLandscapeRight";
				INFOPLIST_KEY_UISupportedInterfaceOrientations_iPhone = "UIInterfaceOrientationPortrait UIInterfaceOrientationLandscapeLeft UIInterfaceOrientationLandscapeRight";
				INFOPLIST_KEY_UIUserInterfaceStyle = Dark;
				LD_RUNPATH_SEARCH_PATHS = (
					"$(inherited)",
					"@executable_path/Frameworks",
				);
				MARKETING_VERSION = 1.0;
				PRODUCT_BUNDLE_IDENTIFIER = clementcauser.Africa;
				PRODUCT_NAME = "$(TARGET_NAME)";
				SWIFT_EMIT_LOC_STRINGS = YES;
				SWIFT_VERSION = 5.0;
				TARGETED_DEVICE_FAMILY = "1,2";
			};
			name = Release;
		};
/* End XCBuildConfiguration section */

/* Begin XCConfigurationList section */
		2226F8F92823C590007EC267 /* Build configuration list for PBXProject "Africa" */ = {
			isa = XCConfigurationList;
			buildConfigurations = (
				2226F90A2823C592007EC267 /* Debug */,
				2226F90B2823C592007EC267 /* Release */,
			);
			defaultConfigurationIsVisible = 0;
			defaultConfigurationName = Release;
		};
		2226F90C2823C592007EC267 /* Build configuration list for PBXNativeTarget "Africa" */ = {
			isa = XCConfigurationList;
			buildConfigurations = (
				2226F90D2823C592007EC267 /* Debug */,
				2226F90E2823C592007EC267 /* Release */,
			);
			defaultConfigurationIsVisible = 0;
			defaultConfigurationName = Release;
		};
/* End XCConfigurationList section */
	};
	rootObject = 2226F8F62823C590007EC267 /* Project object */;
}
